// !$*UTF8*$!
{
	archiveVersion = 1;
	classes = {
	};
	objectVersion = 46;
	objects = {

/* Begin PBXBuildFile section */
		543B00C11BAC29DE0020DF06 /* NekoScreenSaverView.swift in Sources */ = {isa = PBXBuildFile; fileRef = 543B00C01BAC29DE0020DF06 /* NekoScreenSaverView.swift */; };
		543B00C91BAC2D6E0020DF06 /* AppDelegate.swift in Sources */ = {isa = PBXBuildFile; fileRef = 543B00C81BAC2D6E0020DF06 /* AppDelegate.swift */; };
		543B00CB1BAC2D6E0020DF06 /* Assets.xcassets in Resources */ = {isa = PBXBuildFile; fileRef = 543B00CA1BAC2D6E0020DF06 /* Assets.xcassets */; };
		543B00CE1BAC2D6E0020DF06 /* MainMenu.xib in Resources */ = {isa = PBXBuildFile; fileRef = 543B00CC1BAC2D6E0020DF06 /* MainMenu.xib */; };
		543B00D31BAC2DE10020DF06 /* NekoScreenSaverView.swift in Sources */ = {isa = PBXBuildFile; fileRef = 543B00C01BAC29DE0020DF06 /* NekoScreenSaverView.swift */; };
		543B00F81BAC49DF0020DF06 /* AppDelegate.swift in Sources */ = {isa = PBXBuildFile; fileRef = 543B00F71BAC49DF0020DF06 /* AppDelegate.swift */; };
		543B00FA1BAC49DF0020DF06 /* ViewController.swift in Sources */ = {isa = PBXBuildFile; fileRef = 543B00F91BAC49DF0020DF06 /* ViewController.swift */; };
		543B00FD1BAC49DF0020DF06 /* Main.storyboard in Resources */ = {isa = PBXBuildFile; fileRef = 543B00FB1BAC49DF0020DF06 /* Main.storyboard */; };
		543B00FF1BAC49DF0020DF06 /* Assets.xcassets in Resources */ = {isa = PBXBuildFile; fileRef = 543B00FE1BAC49DF0020DF06 /* Assets.xcassets */; };
		543B01271BAC4F560020DF06 /* YouTubePlayerController.swift in Sources */ = {isa = PBXBuildFile; fileRef = 543B01261BAC4F560020DF06 /* YouTubePlayerController.swift */; };
		543B012C1BAC4FBD0020DF06 /* AVFoundation.framework in Frameworks */ = {isa = PBXBuildFile; fileRef = 543B012A1BAC4FBD0020DF06 /* AVFoundation.framework */; };
		543B012D1BAC4FBD0020DF06 /* AVKit.framework in Frameworks */ = {isa = PBXBuildFile; fileRef = 543B012B1BAC4FBD0020DF06 /* AVKit.framework */; };
		543B012E1BAC4FC60020DF06 /* AVFoundation.framework in Frameworks */ = {isa = PBXBuildFile; fileRef = 543B012A1BAC4FBD0020DF06 /* AVFoundation.framework */; };
		543B012F1BAC4FC60020DF06 /* AVKit.framework in Frameworks */ = {isa = PBXBuildFile; fileRef = 543B012B1BAC4FBD0020DF06 /* AVKit.framework */; };
		543B01311BAC4FCD0020DF06 /* ScreenSaver.framework in Frameworks */ = {isa = PBXBuildFile; fileRef = 543B01301BAC4FCD0020DF06 /* ScreenSaver.framework */; };
		543B01341BAC4FD40020DF06 /* AVFoundation.framework in Frameworks */ = {isa = PBXBuildFile; fileRef = 543B01321BAC4FD40020DF06 /* AVFoundation.framework */; };
		543B01351BAC4FD40020DF06 /* AVKit.framework in Frameworks */ = {isa = PBXBuildFile; fileRef = 543B01331BAC4FD40020DF06 /* AVKit.framework */; };
		543B01371BAC531E0020DF06 /* YouTubePlayerController.swift in Sources */ = {isa = PBXBuildFile; fileRef = 543B01261BAC4F560020DF06 /* YouTubePlayerController.swift */; };
		543B01511BAC590A0020DF06 /* YouTubePlayerController.swift in Sources */ = {isa = PBXBuildFile; fileRef = 543B01261BAC4F560020DF06 /* YouTubePlayerController.swift */; };
		546CC41B1BADAA29008CB6ED /* YouTubeExtractor.swift in Sources */ = {isa = PBXBuildFile; fileRef = 546CC41A1BADAA29008CB6ED /* YouTubeExtractor.swift */; };
/* End PBXBuildFile section */

/* Begin PBXFileReference section */
		0BC03B7C10A46FAFDCB8F387 /* libPods-NekoScreenSaverOSX.a */ = {isa = PBXFileReference; explicitFileType = archive.ar; includeInIndex = 0; path = "libPods-NekoScreenSaverOSX.a"; sourceTree = BUILT_PRODUCTS_DIR; };
		12022F234F1313507B6CC401 /* libPods-NekoScreenSaverOSXPreview.a */ = {isa = PBXFileReference; explicitFileType = archive.ar; includeInIndex = 0; path = "libPods-NekoScreenSaverOSXPreview.a"; sourceTree = BUILT_PRODUCTS_DIR; };
		543B00B21BAC29150020DF06 /* NekoScreenSaverOSX.saver */ = {isa = PBXFileReference; explicitFileType = wrapper.cfbundle; includeInIndex = 0; path = NekoScreenSaverOSX.saver; sourceTree = BUILT_PRODUCTS_DIR; };
		543B00B91BAC29150020DF06 /* Info.plist */ = {isa = PBXFileReference; lastKnownFileType = text.plist.xml; path = Info.plist; sourceTree = "<group>"; };
		543B00BF1BAC29DD0020DF06 /* NekoScreenSaverOSX-Bridging-Header.h */ = {isa = PBXFileReference; lastKnownFileType = sourcecode.c.h; path = "NekoScreenSaverOSX-Bridging-Header.h"; sourceTree = "<group>"; };
		543B00C01BAC29DE0020DF06 /* NekoScreenSaverView.swift */ = {isa = PBXFileReference; fileEncoding = 4; lastKnownFileType = sourcecode.swift; path = NekoScreenSaverView.swift; sourceTree = "<group>"; };
		543B00C61BAC2D6E0020DF06 /* NekoScreenSaverOSXPreview.app */ = {isa = PBXFileReference; explicitFileType = wrapper.application; includeInIndex = 0; path = NekoScreenSaverOSXPreview.app; sourceTree = BUILT_PRODUCTS_DIR; };
		543B00C81BAC2D6E0020DF06 /* AppDelegate.swift */ = {isa = PBXFileReference; lastKnownFileType = sourcecode.swift; path = AppDelegate.swift; sourceTree = "<group>"; };
		543B00CA1BAC2D6E0020DF06 /* Assets.xcassets */ = {isa = PBXFileReference; lastKnownFileType = folder.assetcatalog; path = Assets.xcassets; sourceTree = "<group>"; };
		543B00CD1BAC2D6E0020DF06 /* Base */ = {isa = PBXFileReference; lastKnownFileType = file.xib; name = Base; path = Base.lproj/MainMenu.xib; sourceTree = "<group>"; };
		543B00CF1BAC2D6E0020DF06 /* Info.plist */ = {isa = PBXFileReference; lastKnownFileType = text.plist.xml; path = Info.plist; sourceTree = "<group>"; };
		543B00D51BAC2EBA0020DF06 /* NekoScreenSaverOSXPreview-Bridging-Header.h */ = {isa = PBXFileReference; lastKnownFileType = sourcecode.c.h; path = "NekoScreenSaverOSXPreview-Bridging-Header.h"; sourceTree = "<group>"; };
		543B00F51BAC49DF0020DF06 /* NekoScreenSaverTV.app */ = {isa = PBXFileReference; explicitFileType = wrapper.application; includeInIndex = 0; path = NekoScreenSaverTV.app; sourceTree = BUILT_PRODUCTS_DIR; };
		543B00F71BAC49DF0020DF06 /* AppDelegate.swift */ = {isa = PBXFileReference; lastKnownFileType = sourcecode.swift; path = AppDelegate.swift; sourceTree = "<group>"; };
		543B00F91BAC49DF0020DF06 /* ViewController.swift */ = {isa = PBXFileReference; lastKnownFileType = sourcecode.swift; path = ViewController.swift; sourceTree = "<group>"; };
		543B00FC1BAC49DF0020DF06 /* Base */ = {isa = PBXFileReference; lastKnownFileType = file.storyboard; name = Base; path = Base.lproj/Main.storyboard; sourceTree = "<group>"; };
		543B00FE1BAC49DF0020DF06 /* Assets.xcassets */ = {isa = PBXFileReference; lastKnownFileType = folder.assetcatalog; path = Assets.xcassets; sourceTree = "<group>"; };
		543B01001BAC49DF0020DF06 /* Info.plist */ = {isa = PBXFileReference; lastKnownFileType = text.plist.xml; path = Info.plist; sourceTree = "<group>"; };
		543B01191BAC4CFC0020DF06 /* Pods_NekoScreenSaverOSXPreview.framework */ = {isa = PBXFileReference; lastKnownFileType = wrapper.framework; name = Pods_NekoScreenSaverOSXPreview.framework; path = Pods/../build/Debug/Pods_NekoScreenSaverOSXPreview.framework; sourceTree = "<group>"; };
		543B011C1BAC4D0E0020DF06 /* Pods_NekoScreenSaverOSX.framework */ = {isa = PBXFileReference; lastKnownFileType = wrapper.framework; name = Pods_NekoScreenSaverOSX.framework; path = Pods/../build/Debug/Pods_NekoScreenSaverOSX.framework; sourceTree = "<group>"; };
		543B01211BAC4E310020DF06 /* Pods_NekoScreenSaverCoreOSX.framework */ = {isa = PBXFileReference; lastKnownFileType = wrapper.framework; name = Pods_NekoScreenSaverCoreOSX.framework; path = Pods/../build/Debug/Pods_NekoScreenSaverCoreOSX.framework; sourceTree = "<group>"; };
		543B01261BAC4F560020DF06 /* YouTubePlayerController.swift */ = {isa = PBXFileReference; fileEncoding = 4; lastKnownFileType = sourcecode.swift; path = YouTubePlayerController.swift; sourceTree = "<group>"; };
		543B012A1BAC4FBD0020DF06 /* AVFoundation.framework */ = {isa = PBXFileReference; lastKnownFileType = wrapper.framework; name = AVFoundation.framework; path = System/Library/Frameworks/AVFoundation.framework; sourceTree = SDKROOT; };
		543B012B1BAC4FBD0020DF06 /* AVKit.framework */ = {isa = PBXFileReference; lastKnownFileType = wrapper.framework; name = AVKit.framework; path = System/Library/Frameworks/AVKit.framework; sourceTree = SDKROOT; };
		543B01301BAC4FCD0020DF06 /* ScreenSaver.framework */ = {isa = PBXFileReference; lastKnownFileType = wrapper.framework; name = ScreenSaver.framework; path = System/Library/Frameworks/ScreenSaver.framework; sourceTree = SDKROOT; };
		543B01321BAC4FD40020DF06 /* AVFoundation.framework */ = {isa = PBXFileReference; lastKnownFileType = wrapper.framework; name = AVFoundation.framework; path = Platforms/AppleTVOS.platform/Developer/SDKs/AppleTVOS9.0.sdk/System/Library/Frameworks/AVFoundation.framework; sourceTree = DEVELOPER_DIR; };
		543B01331BAC4FD40020DF06 /* AVKit.framework */ = {isa = PBXFileReference; lastKnownFileType = wrapper.framework; name = AVKit.framework; path = Platforms/AppleTVOS.platform/Developer/SDKs/AppleTVOS9.0.sdk/System/Library/Frameworks/AVKit.framework; sourceTree = DEVELOPER_DIR; };
		543B01501BAC57500020DF06 /* NekoScreenSaverTV-Bridging-Header.h */ = {isa = PBXFileReference; lastKnownFileType = sourcecode.c.h; path = "NekoScreenSaverTV-Bridging-Header.h"; sourceTree = "<group>"; };
		546CC41A1BADAA29008CB6ED /* YouTubeExtractor.swift */ = {isa = PBXFileReference; fileEncoding = 4; lastKnownFileType = sourcecode.swift; path = YouTubeExtractor.swift; sourceTree = "<group>"; };
		6AA8C7A4562CD6C8A56D6B2B /* libPods-NekoScreenSaverTV.a */ = {isa = PBXFileReference; explicitFileType = archive.ar; includeInIndex = 0; path = "libPods-NekoScreenSaverTV.a"; sourceTree = BUILT_PRODUCTS_DIR; };
		F21DB6BB7878238F22AF6DA4 /* libPods.a */ = {isa = PBXFileReference; explicitFileType = archive.ar; includeInIndex = 0; path = libPods.a; sourceTree = BUILT_PRODUCTS_DIR; };
/* End PBXFileReference section */

/* Begin PBXFrameworksBuildPhase section */
		543B00AE1BAC29150020DF06 /* Frameworks */ = {
			isa = PBXFrameworksBuildPhase;
			buildActionMask = 2147483647;
			files = (
				543B01311BAC4FCD0020DF06 /* ScreenSaver.framework in Frameworks */,
				543B012C1BAC4FBD0020DF06 /* AVFoundation.framework in Frameworks */,
				543B012D1BAC4FBD0020DF06 /* AVKit.framework in Frameworks */,
			);
			runOnlyForDeploymentPostprocessing = 0;
		};
		543B00C31BAC2D6E0020DF06 /* Frameworks */ = {
			isa = PBXFrameworksBuildPhase;
			buildActionMask = 2147483647;
			files = (
				543B012E1BAC4FC60020DF06 /* AVFoundation.framework in Frameworks */,
				543B012F1BAC4FC60020DF06 /* AVKit.framework in Frameworks */,
			);
			runOnlyForDeploymentPostprocessing = 0;
		};
		543B00F21BAC49DF0020DF06 /* Frameworks */ = {
			isa = PBXFrameworksBuildPhase;
			buildActionMask = 2147483647;
			files = (
				543B01341BAC4FD40020DF06 /* AVFoundation.framework in Frameworks */,
				543B01351BAC4FD40020DF06 /* AVKit.framework in Frameworks */,
			);
			runOnlyForDeploymentPostprocessing = 0;
		};
/* End PBXFrameworksBuildPhase section */

/* Begin PBXGroup section */
		543B00A81BAC29150020DF06 = {
			isa = PBXGroup;
			children = (
				543B01251BAC4F560020DF06 /* Shared */,
				543B00B41BAC29150020DF06 /* NekoScreenSaverOSX */,
				543B00C71BAC2D6E0020DF06 /* NekoScreenSaverOSXPreview */,
				543B00F61BAC49DF0020DF06 /* NekoScreenSaverTV */,
				543B00B31BAC29150020DF06 /* Products */,
				B0C85C4243443A4B2FCF39C6 /* Frameworks */,
			);
			sourceTree = "<group>";
		};
		543B00B31BAC29150020DF06 /* Products */ = {
			isa = PBXGroup;
			children = (
				543B00B21BAC29150020DF06 /* NekoScreenSaverOSX.saver */,
				543B00C61BAC2D6E0020DF06 /* NekoScreenSaverOSXPreview.app */,
				543B00F51BAC49DF0020DF06 /* NekoScreenSaverTV.app */,
			);
			name = Products;
			sourceTree = "<group>";
		};
		543B00B41BAC29150020DF06 /* NekoScreenSaverOSX */ = {
			isa = PBXGroup;
			children = (
				543B00B91BAC29150020DF06 /* Info.plist */,
				543B00C01BAC29DE0020DF06 /* NekoScreenSaverView.swift */,
				543B00BF1BAC29DD0020DF06 /* NekoScreenSaverOSX-Bridging-Header.h */,
			);
			path = NekoScreenSaverOSX;
			sourceTree = "<group>";
		};
		543B00C71BAC2D6E0020DF06 /* NekoScreenSaverOSXPreview */ = {
			isa = PBXGroup;
			children = (
				543B00C81BAC2D6E0020DF06 /* AppDelegate.swift */,
				543B00CA1BAC2D6E0020DF06 /* Assets.xcassets */,
				543B00CC1BAC2D6E0020DF06 /* MainMenu.xib */,
				543B00CF1BAC2D6E0020DF06 /* Info.plist */,
				543B00D51BAC2EBA0020DF06 /* NekoScreenSaverOSXPreview-Bridging-Header.h */,
			);
			path = NekoScreenSaverOSXPreview;
			sourceTree = "<group>";
		};
		543B00F61BAC49DF0020DF06 /* NekoScreenSaverTV */ = {
			isa = PBXGroup;
			children = (
				543B00F71BAC49DF0020DF06 /* AppDelegate.swift */,
				543B00F91BAC49DF0020DF06 /* ViewController.swift */,
				543B01501BAC57500020DF06 /* NekoScreenSaverTV-Bridging-Header.h */,
				543B00FB1BAC49DF0020DF06 /* Main.storyboard */,
				543B00FE1BAC49DF0020DF06 /* Assets.xcassets */,
				543B01001BAC49DF0020DF06 /* Info.plist */,
			);
			path = NekoScreenSaverTV;
			sourceTree = "<group>";
		};
		543B01251BAC4F560020DF06 /* Shared */ = {
			isa = PBXGroup;
			children = (
				543B01261BAC4F560020DF06 /* YouTubePlayerController.swift */,
				546CC41A1BADAA29008CB6ED /* YouTubeExtractor.swift */,
			);
			path = Shared;
			sourceTree = "<group>";
		};
		B0C85C4243443A4B2FCF39C6 /* Frameworks */ = {
			isa = PBXGroup;
			children = (
				543B01321BAC4FD40020DF06 /* AVFoundation.framework */,
				543B01331BAC4FD40020DF06 /* AVKit.framework */,
				543B01301BAC4FCD0020DF06 /* ScreenSaver.framework */,
				543B012A1BAC4FBD0020DF06 /* AVFoundation.framework */,
				543B012B1BAC4FBD0020DF06 /* AVKit.framework */,
				543B01211BAC4E310020DF06 /* Pods_NekoScreenSaverCoreOSX.framework */,
				543B011C1BAC4D0E0020DF06 /* Pods_NekoScreenSaverOSX.framework */,
				543B01191BAC4CFC0020DF06 /* Pods_NekoScreenSaverOSXPreview.framework */,
				0BC03B7C10A46FAFDCB8F387 /* libPods-NekoScreenSaverOSX.a */,
				12022F234F1313507B6CC401 /* libPods-NekoScreenSaverOSXPreview.a */,
				F21DB6BB7878238F22AF6DA4 /* libPods.a */,
				6AA8C7A4562CD6C8A56D6B2B /* libPods-NekoScreenSaverTV.a */,
			);
			name = Frameworks;
			sourceTree = "<group>";
		};
/* End PBXGroup section */

/* Begin PBXHeadersBuildPhase section */
		543B00AF1BAC29150020DF06 /* Headers */ = {
			isa = PBXHeadersBuildPhase;
			buildActionMask = 2147483647;
			files = (
			);
			runOnlyForDeploymentPostprocessing = 0;
		};
/* End PBXHeadersBuildPhase section */

/* Begin PBXNativeTarget section */
		543B00B11BAC29150020DF06 /* NekoScreenSaverOSX */ = {
			isa = PBXNativeTarget;
			buildConfigurationList = 543B00BC1BAC29150020DF06 /* Build configuration list for PBXNativeTarget "NekoScreenSaverOSX" */;
			buildPhases = (
				543B00AD1BAC29150020DF06 /* Sources */,
				543B00AE1BAC29150020DF06 /* Frameworks */,
				543B00AF1BAC29150020DF06 /* Headers */,
				543B00B01BAC29150020DF06 /* Resources */,
			);
			buildRules = (
			);
			dependencies = (
			);
			name = NekoScreenSaverOSX;
			productName = NekoScreenSaverOSX;
			productReference = 543B00B21BAC29150020DF06 /* NekoScreenSaverOSX.saver */;
			productType = "com.apple.product-type.bundle";
		};
		543B00C51BAC2D6E0020DF06 /* NekoScreenSaverOSXPreview */ = {
			isa = PBXNativeTarget;
			buildConfigurationList = 543B00D01BAC2D6E0020DF06 /* Build configuration list for PBXNativeTarget "NekoScreenSaverOSXPreview" */;
			buildPhases = (
				543B00C21BAC2D6E0020DF06 /* Sources */,
				543B00C31BAC2D6E0020DF06 /* Frameworks */,
				543B00C41BAC2D6E0020DF06 /* Resources */,
			);
			buildRules = (
			);
			dependencies = (
			);
			name = NekoScreenSaverOSXPreview;
			productName = NekoScreenSaverOSXPreview;
			productReference = 543B00C61BAC2D6E0020DF06 /* NekoScreenSaverOSXPreview.app */;
			productType = "com.apple.product-type.application";
		};
		543B00F41BAC49DF0020DF06 /* NekoScreenSaverTV */ = {
			isa = PBXNativeTarget;
			buildConfigurationList = 543B01011BAC49DF0020DF06 /* Build configuration list for PBXNativeTarget "NekoScreenSaverTV" */;
			buildPhases = (
				543B00F11BAC49DF0020DF06 /* Sources */,
				543B00F21BAC49DF0020DF06 /* Frameworks */,
				543B00F31BAC49DF0020DF06 /* Resources */,
			);
			buildRules = (
			);
			dependencies = (
			);
			name = NekoScreenSaverTV;
			productName = NekoScreenSaverTV;
			productReference = 543B00F51BAC49DF0020DF06 /* NekoScreenSaverTV.app */;
			productType = "com.apple.product-type.application";
		};
/* End PBXNativeTarget section */

/* Begin PBXProject section */
		543B00A91BAC29150020DF06 /* Project object */ = {
			isa = PBXProject;
			attributes = {
				LastSwiftUpdateCheck = 0710;
				LastUpgradeCheck = 0710;
				ORGANIZATIONNAME = "Ignition Soft";
				TargetAttributes = {
					543B00B11BAC29150020DF06 = {
						CreatedOnToolsVersion = 7.1;
					};
					543B00C51BAC2D6E0020DF06 = {
						CreatedOnToolsVersion = 7.1;
					};
					543B00F41BAC49DF0020DF06 = {
						CreatedOnToolsVersion = 7.1;
					};
				};
			};
			buildConfigurationList = 543B00AC1BAC29150020DF06 /* Build configuration list for PBXProject "NekoScreenSaverOSX" */;
			compatibilityVersion = "Xcode 3.2";
			developmentRegion = English;
			hasScannedForEncodings = 0;
			knownRegions = (
				en,
				Base,
			);
			mainGroup = 543B00A81BAC29150020DF06;
			productRefGroup = 543B00B31BAC29150020DF06 /* Products */;
			projectDirPath = "";
			projectRoot = "";
			targets = (
				543B00B11BAC29150020DF06 /* NekoScreenSaverOSX */,
				543B00C51BAC2D6E0020DF06 /* NekoScreenSaverOSXPreview */,
				543B00F41BAC49DF0020DF06 /* NekoScreenSaverTV */,
			);
		};
/* End PBXProject section */

/* Begin PBXResourcesBuildPhase section */
		543B00B01BAC29150020DF06 /* Resources */ = {
			isa = PBXResourcesBuildPhase;
			buildActionMask = 2147483647;
			files = (
			);
			runOnlyForDeploymentPostprocessing = 0;
		};
		543B00C41BAC2D6E0020DF06 /* Resources */ = {
			isa = PBXResourcesBuildPhase;
			buildActionMask = 2147483647;
			files = (
				543B00CB1BAC2D6E0020DF06 /* Assets.xcassets in Resources */,
				543B00CE1BAC2D6E0020DF06 /* MainMenu.xib in Resources */,
			);
			runOnlyForDeploymentPostprocessing = 0;
		};
		543B00F31BAC49DF0020DF06 /* Resources */ = {
			isa = PBXResourcesBuildPhase;
			buildActionMask = 2147483647;
			files = (
				543B00FF1BAC49DF0020DF06 /* Assets.xcassets in Resources */,
				543B00FD1BAC49DF0020DF06 /* Main.storyboard in Resources */,
			);
			runOnlyForDeploymentPostprocessing = 0;
		};
/* End PBXResourcesBuildPhase section */

/* Begin PBXSourcesBuildPhase section */
		543B00AD1BAC29150020DF06 /* Sources */ = {
			isa = PBXSourcesBuildPhase;
			buildActionMask = 2147483647;
			files = (
				543B00C11BAC29DE0020DF06 /* NekoScreenSaverView.swift in Sources */,
				546CC41B1BADAA29008CB6ED /* YouTubeExtractor.swift in Sources */,
				543B01271BAC4F560020DF06 /* YouTubePlayerController.swift in Sources */,
			);
			runOnlyForDeploymentPostprocessing = 0;
		};
		543B00C21BAC2D6E0020DF06 /* Sources */ = {
			isa = PBXSourcesBuildPhase;
			buildActionMask = 2147483647;
			files = (
				543B01371BAC531E0020DF06 /* YouTubePlayerController.swift in Sources */,
				543B00C91BAC2D6E0020DF06 /* AppDelegate.swift in Sources */,
				543B00D31BAC2DE10020DF06 /* NekoScreenSaverView.swift in Sources */,
			);
			runOnlyForDeploymentPostprocessing = 0;
		};
		543B00F11BAC49DF0020DF06 /* Sources */ = {
			isa = PBXSourcesBuildPhase;
			buildActionMask = 2147483647;
			files = (
				543B00FA1BAC49DF0020DF06 /* ViewController.swift in Sources */,
				543B01511BAC590A0020DF06 /* YouTubePlayerController.swift in Sources */,
				543B00F81BAC49DF0020DF06 /* AppDelegate.swift in Sources */,
			);
			runOnlyForDeploymentPostprocessing = 0;
		};
/* End PBXSourcesBuildPhase section */

/* Begin PBXVariantGroup section */
		543B00CC1BAC2D6E0020DF06 /* MainMenu.xib */ = {
			isa = PBXVariantGroup;
			children = (
				543B00CD1BAC2D6E0020DF06 /* Base */,
			);
			name = MainMenu.xib;
			sourceTree = "<group>";
		};
		543B00FB1BAC49DF0020DF06 /* Main.storyboard */ = {
			isa = PBXVariantGroup;
			children = (
				543B00FC1BAC49DF0020DF06 /* Base */,
			);
			name = Main.storyboard;
			sourceTree = "<group>";
		};
/* End PBXVariantGroup section */

/* Begin XCBuildConfiguration section */
		543B00BA1BAC29150020DF06 /* Debug */ = {
			isa = XCBuildConfiguration;
			buildSettings = {
				ALWAYS_SEARCH_USER_PATHS = NO;
				CLANG_CXX_LANGUAGE_STANDARD = "gnu++0x";
				CLANG_CXX_LIBRARY = "libc++";
				CLANG_ENABLE_MODULES = YES;
				CLANG_ENABLE_OBJC_ARC = YES;
				CLANG_WARN_BOOL_CONVERSION = YES;
				CLANG_WARN_CONSTANT_CONVERSION = YES;
				CLANG_WARN_DIRECT_OBJC_ISA_USAGE = YES_ERROR;
				CLANG_WARN_EMPTY_BODY = YES;
				CLANG_WARN_ENUM_CONVERSION = YES;
				CLANG_WARN_INT_CONVERSION = YES;
				CLANG_WARN_OBJC_ROOT_CLASS = YES_ERROR;
				CLANG_WARN_UNREACHABLE_CODE = YES;
				CLANG_WARN__DUPLICATE_METHOD_MATCH = YES;
				CODE_SIGN_IDENTITY = "-";
				COPY_PHASE_STRIP = NO;
				DEBUG_INFORMATION_FORMAT = dwarf;
				ENABLE_STRICT_OBJC_MSGSEND = YES;
				ENABLE_TESTABILITY = YES;
				GCC_C_LANGUAGE_STANDARD = gnu99;
				GCC_DYNAMIC_NO_PIC = NO;
				GCC_NO_COMMON_BLOCKS = YES;
				GCC_OPTIMIZATION_LEVEL = 0;
				GCC_PREPROCESSOR_DEFINITIONS = (
					"DEBUG=1",
					"$(inherited)",
				);
				GCC_WARN_64_TO_32_BIT_CONVERSION = YES;
				GCC_WARN_ABOUT_RETURN_TYPE = YES_ERROR;
				GCC_WARN_UNDECLARED_SELECTOR = YES;
				GCC_WARN_UNINITIALIZED_AUTOS = YES_AGGRESSIVE;
				GCC_WARN_UNUSED_FUNCTION = YES;
				GCC_WARN_UNUSED_VARIABLE = YES;
				MACOSX_DEPLOYMENT_TARGET = 10.11;
				MTL_ENABLE_DEBUG_INFO = YES;
				ONLY_ACTIVE_ARCH = YES;
				SDKROOT = macosx;
			};
			name = Debug;
		};
		543B00BB1BAC29150020DF06 /* Release */ = {
			isa = XCBuildConfiguration;
			buildSettings = {
				ALWAYS_SEARCH_USER_PATHS = NO;
				CLANG_CXX_LANGUAGE_STANDARD = "gnu++0x";
				CLANG_CXX_LIBRARY = "libc++";
				CLANG_ENABLE_MODULES = YES;
				CLANG_ENABLE_OBJC_ARC = YES;
				CLANG_WARN_BOOL_CONVERSION = YES;
				CLANG_WARN_CONSTANT_CONVERSION = YES;
				CLANG_WARN_DIRECT_OBJC_ISA_USAGE = YES_ERROR;
				CLANG_WARN_EMPTY_BODY = YES;
				CLANG_WARN_ENUM_CONVERSION = YES;
				CLANG_WARN_INT_CONVERSION = YES;
				CLANG_WARN_OBJC_ROOT_CLASS = YES_ERROR;
				CLANG_WARN_UNREACHABLE_CODE = YES;
				CLANG_WARN__DUPLICATE_METHOD_MATCH = YES;
				CODE_SIGN_IDENTITY = "-";
				COPY_PHASE_STRIP = NO;
				DEBUG_INFORMATION_FORMAT = "dwarf-with-dsym";
				ENABLE_NS_ASSERTIONS = NO;
				ENABLE_STRICT_OBJC_MSGSEND = YES;
				GCC_C_LANGUAGE_STANDARD = gnu99;
				GCC_NO_COMMON_BLOCKS = YES;
				GCC_WARN_64_TO_32_BIT_CONVERSION = YES;
				GCC_WARN_ABOUT_RETURN_TYPE = YES_ERROR;
				GCC_WARN_UNDECLARED_SELECTOR = YES;
				GCC_WARN_UNINITIALIZED_AUTOS = YES_AGGRESSIVE;
				GCC_WARN_UNUSED_FUNCTION = YES;
				GCC_WARN_UNUSED_VARIABLE = YES;
				MACOSX_DEPLOYMENT_TARGET = 10.11;
				MTL_ENABLE_DEBUG_INFO = NO;
				SDKROOT = macosx;
			};
			name = Release;
		};
		543B00BD1BAC29150020DF06 /* Debug */ = {
			isa = XCBuildConfiguration;
			buildSettings = {
				CLANG_ENABLE_MODULES = YES;
				CODE_SIGN_IDENTITY = "";
				COMBINE_HIDPI_IMAGES = YES;
				DEFINES_MODULE = YES;
				EMBEDDED_CONTENT_CONTAINS_SWIFT = YES;
				FRAMEWORK_SEARCH_PATHS = "$(inherited)";
				INFOPLIST_FILE = NekoScreenSaverOSX/Info.plist;
				INSTALL_PATH = "$(HOME)/Library/Screen Savers";
				LD_RUNPATH_SEARCH_PATHS = "$(inherited) @executable_path/../Frameworks @loader_path/../Frameworks";
				MACOSX_DEPLOYMENT_TARGET = 10.10;
				PRODUCT_BUNDLE_IDENTIFIER = hk.ignition.NekoScreenSaverOSX;
				PRODUCT_NAME = "$(TARGET_NAME)";
				SWIFT_OBJC_BRIDGING_HEADER = "NekoScreenSaverOSX/NekoScreenSaverOSX-Bridging-Header.h";
				SWIFT_OPTIMIZATION_LEVEL = "-Onone";
				WRAPPER_EXTENSION = saver;
			};
			name = Debug;
		};
		543B00BE1BAC29150020DF06 /* Release */ = {
			isa = XCBuildConfiguration;
			buildSettings = {
				CLANG_ENABLE_MODULES = YES;
				CODE_SIGN_IDENTITY = "";
				COMBINE_HIDPI_IMAGES = YES;
				DEFINES_MODULE = YES;
				EMBEDDED_CONTENT_CONTAINS_SWIFT = YES;
				FRAMEWORK_SEARCH_PATHS = "$(inherited)";
				INFOPLIST_FILE = NekoScreenSaverOSX/Info.plist;
				INSTALL_PATH = "$(HOME)/Library/Screen Savers";
				LD_RUNPATH_SEARCH_PATHS = "$(inherited) @executable_path/../Frameworks @loader_path/../Frameworks";
				MACOSX_DEPLOYMENT_TARGET = 10.10;
				PRODUCT_BUNDLE_IDENTIFIER = hk.ignition.NekoScreenSaverOSX;
				PRODUCT_NAME = "$(TARGET_NAME)";
				SWIFT_OBJC_BRIDGING_HEADER = "NekoScreenSaverOSX/NekoScreenSaverOSX-Bridging-Header.h";
				WRAPPER_EXTENSION = saver;
			};
			name = Release;
		};
		543B00D11BAC2D6E0020DF06 /* Debug */ = {
			isa = XCBuildConfiguration;
			buildSettings = {
				ASSETCATALOG_COMPILER_APPICON_NAME = AppIcon;
				CLANG_ENABLE_MODULES = YES;
				COMBINE_HIDPI_IMAGES = YES;
				FRAMEWORK_SEARCH_PATHS = (
					"$(inherited)",
					"$(PROJECT_DIR)/build/Debug",
				);
				INFOPLIST_FILE = NekoScreenSaverOSXPreview/Info.plist;
				LD_RUNPATH_SEARCH_PATHS = "$(inherited) @executable_path/../Frameworks";
				PRODUCT_BUNDLE_IDENTIFIER = hk.ignition.NekoScreenSaverOSXPreview;
				PRODUCT_NAME = "$(TARGET_NAME)";
				SWIFT_OBJC_BRIDGING_HEADER = "NekoScreenSaverOSXPreview/NekoScreenSaverOSXPreview-Bridging-Header.h";
				SWIFT_OPTIMIZATION_LEVEL = "-Onone";
			};
			name = Debug;
		};
		543B00D21BAC2D6E0020DF06 /* Release */ = {
			isa = XCBuildConfiguration;
			buildSettings = {
				ASSETCATALOG_COMPILER_APPICON_NAME = AppIcon;
				CLANG_ENABLE_MODULES = YES;
				COMBINE_HIDPI_IMAGES = YES;
				FRAMEWORK_SEARCH_PATHS = (
					"$(inherited)",
					"$(PROJECT_DIR)/build/Debug",
				);
				INFOPLIST_FILE = NekoScreenSaverOSXPreview/Info.plist;
				LD_RUNPATH_SEARCH_PATHS = "$(inherited) @executable_path/../Frameworks";
				PRODUCT_BUNDLE_IDENTIFIER = hk.ignition.NekoScreenSaverOSXPreview;
				PRODUCT_NAME = "$(TARGET_NAME)";
				SWIFT_OBJC_BRIDGING_HEADER = "NekoScreenSaverOSXPreview/NekoScreenSaverOSXPreview-Bridging-Header.h";
			};
			name = Release;
		};
		543B01021BAC49DF0020DF06 /* Debug */ = {
			isa = XCBuildConfiguration;
			buildSettings = {
				ASSETCATALOG_COMPILER_APPICON_NAME = "App Icon & Top Shelf Image";
				ASSETCATALOG_COMPILER_LAUNCHIMAGE_NAME = LaunchImage;
				INFOPLIST_FILE = NekoScreenSaverTV/Info.plist;
				LD_RUNPATH_SEARCH_PATHS = "$(inherited) @executable_path/Frameworks";
				PRODUCT_BUNDLE_IDENTIFIER = hk.ignition.NekoScreenSaverTV;
				PRODUCT_NAME = "$(TARGET_NAME)";
				SDKROOT = appletvos;
				SWIFT_OBJC_BRIDGING_HEADER = "NekoScreenSaverTV/NekoScreenSaverTV-Bridging-Header.h";
				SWIFT_OPTIMIZATION_LEVEL = "-Onone";
				TARGETED_DEVICE_FAMILY = 3;
				TVOS_DEPLOYMENT_TARGET = 9.0;
			};
			name = Debug;
		};
		543B01031BAC49DF0020DF06 /* Release */ = {
			isa = XCBuildConfiguration;
			buildSettings = {
				ASSETCATALOG_COMPILER_APPICON_NAME = "App Icon & Top Shelf Image";
				ASSETCATALOG_COMPILER_LAUNCHIMAGE_NAME = LaunchImage;
				INFOPLIST_FILE = NekoScreenSaverTV/Info.plist;
				LD_RUNPATH_SEARCH_PATHS = "$(inherited) @executable_path/Frameworks";
				PRODUCT_BUNDLE_IDENTIFIER = hk.ignition.NekoScreenSaverTV;
				PRODUCT_NAME = "$(TARGET_NAME)";
				SDKROOT = appletvos;
				SWIFT_OBJC_BRIDGING_HEADER = "NekoScreenSaverTV/NekoScreenSaverTV-Bridging-Header.h";
				TARGETED_DEVICE_FAMILY = 3;
				TVOS_DEPLOYMENT_TARGET = 9.0;
				VALIDATE_PRODUCT = YES;
			};
			name = Release;
		};
/* End XCBuildConfiguration section */

/* Begin XCConfigurationList section */
		543B00AC1BAC29150020DF06 /* Build configuration list for PBXProject "NekoScreenSaverOSX" */ = {
			isa = XCConfigurationList;
			buildConfigurations = (
				543B00BA1BAC29150020DF06 /* Debug */,
				543B00BB1BAC29150020DF06 /* Release */,
			);
			defaultConfigurationIsVisible = 0;
			defaultConfigurationName = Release;
		};
		543B00BC1BAC29150020DF06 /* Build configuration list for PBXNativeTarget "NekoScreenSaverOSX" */ = {
			isa = XCConfigurationList;
			buildConfigurations = (
				543B00BD1BAC29150020DF06 /* Debug */,
				543B00BE1BAC29150020DF06 /* Release */,
			);
			defaultConfigurationIsVisible = 0;
			defaultConfigurationName = Release;
		};
		543B00D01BAC2D6E0020DF06 /* Build configuration list for PBXNativeTarget "NekoScreenSaverOSXPreview" */ = {
			isa = XCConfigurationList;
			buildConfigurations = (
				543B00D11BAC2D6E0020DF06 /* Debug */,
				543B00D21BAC2D6E0020DF06 /* Release */,
			);
			defaultConfigurationIsVisible = 0;
			defaultConfigurationName = Release;
		};
		543B01011BAC49DF0020DF06 /* Build configuration list for PBXNativeTarget "NekoScreenSaverTV" */ = {
			isa = XCConfigurationList;
			buildConfigurations = (
				543B01021BAC49DF0020DF06 /* Debug */,
				543B01031BAC49DF0020DF06 /* Release */,
			);
			defaultConfigurationIsVisible = 0;
			defaultConfigurationName = Release;
		};
/* End XCConfigurationList section */
	};
	rootObject = 543B00A91BAC29150020DF06 /* Project object */;
}
